
Microsoft Visual Studio Solution File, Format Version 12.00
# Visual Studio Version 17
VisualStudioVersion = 17.5.002.0
MinimumVisualStudioVersion = 10.0.40219.1
Project("{2150E333-8FDC-42A3-9474-1A3956D46DE8}") = "dotNet", "dotNet", "{C86E0C71-AC53-4E0E-9EF7-0B5F4F91EB81}"
EndProject
Project("{9A19103F-16F7-4668-BE54-9A1E7A4F7556}") = "codeChallenge", "dotNet\codeChallenge\codeChallenge.csproj", "{F490447E-A6E8-49AB-B8AE-1426BDCBADCE}"
EndProject
Global
	GlobalSection(SolutionConfigurationPlatforms) = preSolution
		Debug|Any CPU = Debug|Any CPU
		Release|Any CPU = Release|Any CPU
	EndGlobalSection
	GlobalSection(ProjectConfigurationPlatforms) = postSolution
		{F490447E-A6E8-49AB-B8AE-1426BDCBADCE}.Debug|Any CPU.ActiveCfg = Debug|Any CPU
		{F490447E-A6E8-49AB-B8AE-1426BDCBADCE}.Debug|Any CPU.Build.0 = Debug|Any CPU
		{F490447E-A6E8-49AB-B8AE-1426BDCBADCE}.Release|Any CPU.ActiveCfg = Release|Any CPU
		{F490447E-A6E8-49AB-B8AE-1426BDCBADCE}.Release|Any CPU.Build.0 = Release|Any CPU
	EndGlobalSection
	GlobalSection(SolutionProperties) = preSolution
		HideSolutionNode = FALSE
	EndGlobalSection
	GlobalSection(NestedProjects) = preSolution
		{F490447E-A6E8-49AB-B8AE-1426BDCBADCE} = {C86E0C71-AC53-4E0E-9EF7-0B5F4F91EB81}
	EndGlobalSection
	GlobalSection(ExtensibilityGlobals) = postSolution
		SolutionGuid = {ABC390AB-C36B-4BA1-A13C-C8DC353AB30C}
	EndGlobalSection
EndGlobal
